
Microsoft Visual Studio Solution File, Format Version 12.00
# Visual Studio Version 16
VisualStudioVersion = 16.0.30804.86
MinimumVisualStudioVersion = 10.0.40219.1
Project("{FAE04EC0-301F-11D3-BF4B-00C04F79EFBC}") = "LifeSimulatorLibrary", "LifeSimulatorLibrary\LifeSimulatorLibrary.csproj", "{3945441B-1A82-4E56-AE16-31719096726A}"
EndProject
Project("{FAE04EC0-301F-11D3-BF4B-00C04F79EFBC}") = "LifeSimulatorConsole", "LifeSimulatorConsole\LifeSimulatorConsole.csproj", "{4CEAC9CA-E697-43FE-9948-EDD9B5FCF8AB}"
EndProject
Global
	GlobalSection(SolutionConfigurationPlatforms) = preSolution
		Debug|Any CPU = Debug|Any CPU
		Release|Any CPU = Release|Any CPU
	EndGlobalSection
	GlobalSection(ProjectConfigurationPlatforms) = postSolution
		{3945441B-1A82-4E56-AE16-31719096726A}.Debug|Any CPU.ActiveCfg = Debug|Any CPU
		{3945441B-1A82-4E56-AE16-31719096726A}.Debug|Any CPU.Build.0 = Debug|Any CPU
		{3945441B-1A82-4E56-AE16-31719096726A}.Release|Any CPU.ActiveCfg = Release|Any CPU
		{3945441B-1A82-4E56-AE16-31719096726A}.Release|Any CPU.Build.0 = Release|Any CPU
		{4CEAC9CA-E697-43FE-9948-EDD9B5FCF8AB}.Debug|Any CPU.ActiveCfg = Debug|Any CPU
		{4CEAC9CA-E697-43FE-9948-EDD9B5FCF8AB}.Debug|Any CPU.Build.0 = Debug|Any CPU
		{4CEAC9CA-E697-43FE-9948-EDD9B5FCF8AB}.Release|Any CPU.ActiveCfg = Release|Any CPU
		{4CEAC9CA-E697-43FE-9948-EDD9B5FCF8AB}.Release|Any CPU.Build.0 = Release|Any CPU
	EndGlobalSection
	GlobalSection(SolutionProperties) = preSolution
		HideSolutionNode = FALSE
	EndGlobalSection
	GlobalSection(ExtensibilityGlobals) = postSolution
		SolutionGuid = {F57A3BD5-45F8-4872-B246-5661F94E831E}
	EndGlobalSection
EndGlobal
